
Microsoft Visual Studio Solution File, Format Version 12.00
# Visual Studio 2013
VisualStudioVersion = 12.0.31101.0
MinimumVisualStudioVersion = 10.0.40219.1
Project("{FAE04EC0-301F-11D3-BF4B-00C04F79EFBC}") = "VatTask", "VatTask\VatTask.csproj", "{D0D14D86-DBAE-4136-924E-7F49B7228CE4}"
EndProject
Global
	GlobalSection(SolutionConfigurationPlatforms) = preSolution
		Debug|Any CPU = Debug|Any CPU
		Release|Any CPU = Release|Any CPU
	EndGlobalSection
	GlobalSection(ProjectConfigurationPlatforms) = postSolution
		{D0D14D86-DBAE-4136-924E-7F49B7228CE4}.Debug|Any CPU.ActiveCfg = Debug|Any CPU
		{D0D14D86-DBAE-4136-924E-7F49B7228CE4}.Debug|Any CPU.Build.0 = Debug|Any CPU
		{D0D14D86-DBAE-4136-924E-7F49B7228CE4}.Release|Any CPU.ActiveCfg = Release|Any CPU
		{D0D14D86-DBAE-4136-924E-7F49B7228CE4}.Release|Any CPU.Build.0 = Release|Any CPU
	EndGlobalSection
	GlobalSection(SolutionProperties) = preSolution
		HideSolutionNode = FALSE
	EndGlobalSection
EndGlobal
